// !$*UTF8*$!
{
	archiveVersion = 1;
	classes = {
	};
	objectVersion = 46;
	objects = {

/* Begin PBXBuildFile section */
		8714CE931DD97885009426FA /* AppDelegate.swift in Sources */ = {isa = PBXBuildFile; fileRef = 8714CE921DD97885009426FA /* AppDelegate.swift */; };
		8714CE951DD97885009426FA /* ViewController.swift in Sources */ = {isa = PBXBuildFile; fileRef = 8714CE941DD97885009426FA /* ViewController.swift */; };
		8714CE981DD97885009426FA /* Main.storyboard in Resources */ = {isa = PBXBuildFile; fileRef = 8714CE961DD97885009426FA /* Main.storyboard */; };
		8714CE9A1DD97885009426FA /* Assets.xcassets in Resources */ = {isa = PBXBuildFile; fileRef = 8714CE991DD97885009426FA /* Assets.xcassets */; };
		8714CE9D1DD97885009426FA /* LaunchScreen.storyboard in Resources */ = {isa = PBXBuildFile; fileRef = 8714CE9B1DD97885009426FA /* LaunchScreen.storyboard */; };
		8714CEA61DD97A90009426FA /* libsqlite3.tbd in Frameworks */ = {isa = PBXBuildFile; fileRef = 8714CEA51DD97A90009426FA /* libsqlite3.tbd */; };
		8714CEB31DD98797009426FA /* FMDatabase.m in Sources */ = {isa = PBXBuildFile; fileRef = 8714CEAA1DD98797009426FA /* FMDatabase.m */; };
		8714CEB41DD98797009426FA /* FMResultSet.m in Sources */ = {isa = PBXBuildFile; fileRef = 8714CEAC1DD98797009426FA /* FMResultSet.m */; };
		8714CEB51DD98797009426FA /* FMDatabaseQueue.m in Sources */ = {isa = PBXBuildFile; fileRef = 8714CEAE1DD98797009426FA /* FMDatabaseQueue.m */; };
		8714CEB61DD98797009426FA /* FMDatabaseAdditions.m in Sources */ = {isa = PBXBuildFile; fileRef = 8714CEB01DD98797009426FA /* FMDatabaseAdditions.m */; };
		8714CEB71DD98797009426FA /* FMDatabasePool.m in Sources */ = {isa = PBXBuildFile; fileRef = 8714CEB21DD98797009426FA /* FMDatabasePool.m */; };
		8714CEBB1DDA5EC5009426FA /* contacts.db in Resources */ = {isa = PBXBuildFile; fileRef = 8714CEBA1DDA5EC5009426FA /* contacts.db */; };
/* End PBXBuildFile section */

/* Begin PBXFileReference section */
		8714CE8F1DD97885009426FA /* Database.app */ = {isa = PBXFileReference; explicitFileType = wrapper.application; includeInIndex = 0; path = Database.app; sourceTree = BUILT_PRODUCTS_DIR; };
		8714CE921DD97885009426FA /* AppDelegate.swift */ = {isa = PBXFileReference; lastKnownFileType = sourcecode.swift; path = AppDelegate.swift; sourceTree = "<group>"; };
		8714CE941DD97885009426FA /* ViewController.swift */ = {isa = PBXFileReference; lastKnownFileType = sourcecode.swift; path = ViewController.swift; sourceTree = "<group>"; };
		8714CE971DD97885009426FA /* Base */ = {isa = PBXFileReference; lastKnownFileType = file.storyboard; name = Base; path = Base.lproj/Main.storyboard; sourceTree = "<group>"; };
		8714CE991DD97885009426FA /* Assets.xcassets */ = {isa = PBXFileReference; lastKnownFileType = folder.assetcatalog; path = Assets.xcassets; sourceTree = "<group>"; };
		8714CE9C1DD97885009426FA /* Base */ = {isa = PBXFileReference; lastKnownFileType = file.storyboard; name = Base; path = Base.lproj/LaunchScreen.storyboard; sourceTree = "<group>"; };
		8714CE9E1DD97885009426FA /* Info.plist */ = {isa = PBXFileReference; lastKnownFileType = text.plist.xml; path = Info.plist; sourceTree = "<group>"; };
		8714CEA51DD97A90009426FA /* libsqlite3.tbd */ = {isa = PBXFileReference; lastKnownFileType = "sourcecode.text-based-dylib-definition"; name = libsqlite3.tbd; path = usr/lib/libsqlite3.tbd; sourceTree = SDKROOT; };
		8714CEA71DD98796009426FA /* Database-Bridging-Header.h */ = {isa = PBXFileReference; lastKnownFileType = sourcecode.c.h; path = "Database-Bridging-Header.h"; sourceTree = "<group>"; };
		8714CEA81DD98797009426FA /* FMDB.h */ = {isa = PBXFileReference; fileEncoding = 4; lastKnownFileType = sourcecode.c.h; name = FMDB.h; path = ../../fmdb/src/fmdb/FMDB.h; sourceTree = "<group>"; };
		8714CEA91DD98797009426FA /* FMDatabase.h */ = {isa = PBXFileReference; fileEncoding = 4; lastKnownFileType = sourcecode.c.h; name = FMDatabase.h; path = ../../fmdb/src/fmdb/FMDatabase.h; sourceTree = "<group>"; };
		8714CEAA1DD98797009426FA /* FMDatabase.m */ = {isa = PBXFileReference; fileEncoding = 4; lastKnownFileType = sourcecode.c.objc; name = FMDatabase.m; path = ../../fmdb/src/fmdb/FMDatabase.m; sourceTree = "<group>"; };
		8714CEAB1DD98797009426FA /* FMResultSet.h */ = {isa = PBXFileReference; fileEncoding = 4; lastKnownFileType = sourcecode.c.h; name = FMResultSet.h; path = ../../fmdb/src/fmdb/FMResultSet.h; sourceTree = "<group>"; };
		8714CEAC1DD98797009426FA /* FMResultSet.m */ = {isa = PBXFileReference; fileEncoding = 4; lastKnownFileType = sourcecode.c.objc; name = FMResultSet.m; path = ../../fmdb/src/fmdb/FMResultSet.m; sourceTree = "<group>"; };
		8714CEAD1DD98797009426FA /* FMDatabaseQueue.h */ = {isa = PBXFileReference; fileEncoding = 4; lastKnownFileType = sourcecode.c.h; name = FMDatabaseQueue.h; path = ../../fmdb/src/fmdb/FMDatabaseQueue.h; sourceTree = "<group>"; };
		8714CEAE1DD98797009426FA /* FMDatabaseQueue.m */ = {isa = PBXFileReference; fileEncoding = 4; lastKnownFileType = sourcecode.c.objc; name = FMDatabaseQueue.m; path = ../../fmdb/src/fmdb/FMDatabaseQueue.m; sourceTree = "<group>"; };
		8714CEAF1DD98797009426FA /* FMDatabaseAdditions.h */ = {isa = PBXFileReference; fileEncoding = 4; lastKnownFileType = sourcecode.c.h; name = FMDatabaseAdditions.h; path = ../../fmdb/src/fmdb/FMDatabaseAdditions.h; sourceTree = "<group>"; };
		8714CEB01DD98797009426FA /* FMDatabaseAdditions.m */ = {isa = PBXFileReference; fileEncoding = 4; lastKnownFileType = sourcecode.c.objc; name = FMDatabaseAdditions.m; path = ../../fmdb/src/fmdb/FMDatabaseAdditions.m; sourceTree = "<group>"; };
		8714CEB11DD98797009426FA /* FMDatabasePool.h */ = {isa = PBXFileReference; fileEncoding = 4; lastKnownFileType = sourcecode.c.h; name = FMDatabasePool.h; path = ../../fmdb/src/fmdb/FMDatabasePool.h; sourceTree = "<group>"; };
		8714CEB21DD98797009426FA /* FMDatabasePool.m */ = {isa = PBXFileReference; fileEncoding = 4; lastKnownFileType = sourcecode.c.objc; name = FMDatabasePool.m; path = ../../fmdb/src/fmdb/FMDatabasePool.m; sourceTree = "<group>"; };
		8714CEBA1DDA5EC5009426FA /* contacts.db */ = {isa = PBXFileReference; lastKnownFileType = file; path = contacts.db; sourceTree = "<group>"; };
/* End PBXFileReference section */

/* Begin PBXFrameworksBuildPhase section */
		8714CE8C1DD97885009426FA /* Frameworks */ = {
			isa = PBXFrameworksBuildPhase;
			buildActionMask = 2147483647;
			files = (
				8714CEA61DD97A90009426FA /* libsqlite3.tbd in Frameworks */,
			);
			runOnlyForDeploymentPostprocessing = 0;
		};
/* End PBXFrameworksBuildPhase section */

/* Begin PBXGroup section */
		8714CE861DD97885009426FA = {
			isa = PBXGroup;
			children = (
				8714CE911DD97885009426FA /* Database */,
				8714CE901DD97885009426FA /* Products */,
				8714CEA41DD97A8F009426FA /* Frameworks */,
			);
			sourceTree = "<group>";
		};
		8714CE901DD97885009426FA /* Products */ = {
			isa = PBXGroup;
			children = (
				8714CE8F1DD97885009426FA /* Database.app */,
			);
			name = Products;
			sourceTree = "<group>";
		};
		8714CE911DD97885009426FA /* Database */ = {
			isa = PBXGroup;
			children = (
				8714CEBA1DDA5EC5009426FA /* contacts.db */,
				8714CEA81DD98797009426FA /* FMDB.h */,
				8714CEA91DD98797009426FA /* FMDatabase.h */,
				8714CEAA1DD98797009426FA /* FMDatabase.m */,
				8714CEAB1DD98797009426FA /* FMResultSet.h */,
				8714CEAC1DD98797009426FA /* FMResultSet.m */,
				8714CEAD1DD98797009426FA /* FMDatabaseQueue.h */,
				8714CEAE1DD98797009426FA /* FMDatabaseQueue.m */,
				8714CEAF1DD98797009426FA /* FMDatabaseAdditions.h */,
				8714CEB01DD98797009426FA /* FMDatabaseAdditions.m */,
				8714CEB11DD98797009426FA /* FMDatabasePool.h */,
				8714CEB21DD98797009426FA /* FMDatabasePool.m */,
				8714CE921DD97885009426FA /* AppDelegate.swift */,
				8714CE941DD97885009426FA /* ViewController.swift */,
				8714CE961DD97885009426FA /* Main.storyboard */,
				8714CE991DD97885009426FA /* Assets.xcassets */,
				8714CE9B1DD97885009426FA /* LaunchScreen.storyboard */,
				8714CE9E1DD97885009426FA /* Info.plist */,
				8714CEA71DD98796009426FA /* Database-Bridging-Header.h */,
			);
			path = Database;
			sourceTree = "<group>";
		};
		8714CEA41DD97A8F009426FA /* Frameworks */ = {
			isa = PBXGroup;
			children = (
				8714CEA51DD97A90009426FA /* libsqlite3.tbd */,
			);
			name = Frameworks;
			sourceTree = "<group>";
		};
/* End PBXGroup section */

/* Begin PBXNativeTarget section */
		8714CE8E1DD97885009426FA /* Database */ = {
			isa = PBXNativeTarget;
			buildConfigurationList = 8714CEA11DD97885009426FA /* Build configuration list for PBXNativeTarget "Database" */;
			buildPhases = (
				8714CE8B1DD97885009426FA /* Sources */,
				8714CE8C1DD97885009426FA /* Frameworks */,
				8714CE8D1DD97885009426FA /* Resources */,
			);
			buildRules = (
			);
			dependencies = (
			);
			name = Database;
			productName = Database;
			productReference = 8714CE8F1DD97885009426FA /* Database.app */;
			productType = "com.apple.product-type.application";
		};
/* End PBXNativeTarget section */

/* Begin PBXProject section */
		8714CE871DD97885009426FA /* Project object */ = {
			isa = PBXProject;
			attributes = {
				LastSwiftUpdateCheck = 0810;
				LastUpgradeCheck = 0810;
				ORGANIZATIONNAME = "Dennis Wong";
				TargetAttributes = {
					8714CE8E1DD97885009426FA = {
						CreatedOnToolsVersion = 8.1;
						DevelopmentTeam = E2L575L59J;
						LastSwiftMigration = 0810;
						ProvisioningStyle = Automatic;
					};
				};
			};
			buildConfigurationList = 8714CE8A1DD97885009426FA /* Build configuration list for PBXProject "Database" */;
			compatibilityVersion = "Xcode 3.2";
			developmentRegion = English;
			hasScannedForEncodings = 0;
			knownRegions = (
				en,
				Base,
			);
			mainGroup = 8714CE861DD97885009426FA;
			productRefGroup = 8714CE901DD97885009426FA /* Products */;
			projectDirPath = "";
			projectRoot = "";
			targets = (
				8714CE8E1DD97885009426FA /* Database */,
			);
		};
/* End PBXProject section */

/* Begin PBXResourcesBuildPhase section */
		8714CE8D1DD97885009426FA /* Resources */ = {
			isa = PBXResourcesBuildPhase;
			buildActionMask = 2147483647;
			files = (
				8714CE9D1DD97885009426FA /* LaunchScreen.storyboard in Resources */,
				8714CE9A1DD97885009426FA /* Assets.xcassets in Resources */,
				8714CEBB1DDA5EC5009426FA /* contacts.db in Resources */,
				8714CE981DD97885009426FA /* Main.storyboard in Resources */,
			);
			runOnlyForDeploymentPostprocessing = 0;
		};
/* End PBXResourcesBuildPhase section */

/* Begin PBXSourcesBuildPhase section */
		8714CE8B1DD97885009426FA /* Sources */ = {
			isa = PBXSourcesBuildPhase;
			buildActionMask = 2147483647;
			files = (
				8714CEB51DD98797009426FA /* FMDatabaseQueue.m in Sources */,
				8714CEB31DD98797009426FA /* FMDatabase.m in Sources */,
				8714CE951DD97885009426FA /* ViewController.swift in Sources */,
				8714CEB41DD98797009426FA /* FMResultSet.m in Sources */,
				8714CEB71DD98797009426FA /* FMDatabasePool.m in Sources */,
				8714CE931DD97885009426FA /* AppDelegate.swift in Sources */,
				8714CEB61DD98797009426FA /* FMDatabaseAdditions.m in Sources */,
			);
			runOnlyForDeploymentPostprocessing = 0;
		};
/* End PBXSourcesBuildPhase section */

/* Begin PBXVariantGroup section */
		8714CE961DD97885009426FA /* Main.storyboard */ = {
			isa = PBXVariantGroup;
			children = (
				8714CE971DD97885009426FA /* Base */,
			);
			name = Main.storyboard;
			sourceTree = "<group>";
		};
		8714CE9B1DD97885009426FA /* LaunchScreen.storyboard */ = {
			isa = PBXVariantGroup;
			children = (
				8714CE9C1DD97885009426FA /* Base */,
			);
			name = LaunchScreen.storyboard;
			sourceTree = "<group>";
		};
/* End PBXVariantGroup section */

/* Begin XCBuildConfiguration section */
		8714CE9F1DD97885009426FA /* Debug */ = {
			isa = XCBuildConfiguration;
			buildSettings = {
				ALWAYS_SEARCH_USER_PATHS = NO;
				CLANG_ANALYZER_NONNULL = YES;
				CLANG_CXX_LANGUAGE_STANDARD = "gnu++0x";
				CLANG_CXX_LIBRARY = "libc++";
				CLANG_ENABLE_MODULES = YES;
				CLANG_ENABLE_OBJC_ARC = YES;
				CLANG_WARN_BOOL_CONVERSION = YES;
				CLANG_WARN_CONSTANT_CONVERSION = YES;
				CLANG_WARN_DIRECT_OBJC_ISA_USAGE = YES_ERROR;
				CLANG_WARN_DOCUMENTATION_COMMENTS = YES;
				CLANG_WARN_EMPTY_BODY = YES;
				CLANG_WARN_ENUM_CONVERSION = YES;
				CLANG_WARN_INFINITE_RECURSION = YES;
				CLANG_WARN_INT_CONVERSION = YES;
				CLANG_WARN_OBJC_ROOT_CLASS = YES_ERROR;
				CLANG_WARN_SUSPICIOUS_MOVES = YES;
				CLANG_WARN_UNREACHABLE_CODE = YES;
				CLANG_WARN__DUPLICATE_METHOD_MATCH = YES;
				CODE_SIGN_IDENTITY = "iPhone Developer";
				"CODE_SIGN_IDENTITY[sdk=iphoneos*]" = "iPhone Developer";
				COPY_PHASE_STRIP = NO;
				DEBUG_INFORMATION_FORMAT = dwarf;
				ENABLE_STRICT_OBJC_MSGSEND = YES;
				ENABLE_TESTABILITY = YES;
				GCC_C_LANGUAGE_STANDARD = gnu99;
				GCC_DYNAMIC_NO_PIC = NO;
				GCC_NO_COMMON_BLOCKS = YES;
				GCC_OPTIMIZATION_LEVEL = 0;
				GCC_PREPROCESSOR_DEFINITIONS = (
					"DEBUG=1",
					"$(inherited)",
				);
				GCC_WARN_64_TO_32_BIT_CONVERSION = YES;
				GCC_WARN_ABOUT_RETURN_TYPE = YES_ERROR;
				GCC_WARN_UNDECLARED_SELECTOR = YES;
				GCC_WARN_UNINITIALIZED_AUTOS = YES_AGGRESSIVE;
				GCC_WARN_UNUSED_FUNCTION = YES;
				GCC_WARN_UNUSED_VARIABLE = YES;
				IPHONEOS_DEPLOYMENT_TARGET = 10.1;
				MTL_ENABLE_DEBUG_INFO = YES;
				ONLY_ACTIVE_ARCH = YES;
				SDKROOT = iphoneos;
				SWIFT_ACTIVE_COMPILATION_CONDITIONS = DEBUG;
				SWIFT_OPTIMIZATION_LEVEL = "-Onone";
			};
			name = Debug;
		};
		8714CEA01DD97885009426FA /* Release */ = {
			isa = XCBuildConfiguration;
			buildSettings = {
				ALWAYS_SEARCH_USER_PATHS = NO;
				CLANG_ANALYZER_NONNULL = YES;
				CLANG_CXX_LANGUAGE_STANDARD = "gnu++0x";
				CLANG_CXX_LIBRARY = "libc++";
				CLANG_ENABLE_MODULES = YES;
				CLANG_ENABLE_OBJC_ARC = YES;
				CLANG_WARN_BOOL_CONVERSION = YES;
				CLANG_WARN_CONSTANT_CONVERSION = YES;
				CLANG_WARN_DIRECT_OBJC_ISA_USAGE = YES_ERROR;
				CLANG_WARN_DOCUMENTATION_COMMENTS = YES;
				CLANG_WARN_EMPTY_BODY = YES;
				CLANG_WARN_ENUM_CONVERSION = YES;
				CLANG_WARN_INFINITE_RECURSION = YES;
				CLANG_WARN_INT_CONVERSION = YES;
				CLANG_WARN_OBJC_ROOT_CLASS = YES_ERROR;
				CLANG_WARN_SUSPICIOUS_MOVES = YES;
				CLANG_WARN_UNREACHABLE_CODE = YES;
				CLANG_WARN__DUPLICATE_METHOD_MATCH = YES;
				CODE_SIGN_IDENTITY = "iPhone Developer";
				"CODE_SIGN_IDENTITY[sdk=iphoneos*]" = "iPhone Developer";
				COPY_PHASE_STRIP = NO;
				DEBUG_INFORMATION_FORMAT = "dwarf-with-dsym";
				ENABLE_NS_ASSERTIONS = NO;
				ENABLE_STRICT_OBJC_MSGSEND = YES;
				GCC_C_LANGUAGE_STANDARD = gnu99;
				GCC_NO_COMMON_BLOCKS = YES;
				GCC_WARN_64_TO_32_BIT_CONVERSION = YES;
				GCC_WARN_ABOUT_RETURN_TYPE = YES_ERROR;
				GCC_WARN_UNDECLARED_SELECTOR = YES;
				GCC_WARN_UNINITIALIZED_AUTOS = YES_AGGRESSIVE;
				GCC_WARN_UNUSED_FUNCTION = YES;
				GCC_WARN_UNUSED_VARIABLE = YES;
				IPHONEOS_DEPLOYMENT_TARGET = 10.1;
				MTL_ENABLE_DEBUG_INFO = NO;
				SDKROOT = iphoneos;
				SWIFT_OPTIMIZATION_LEVEL = "-Owholemodule";
				VALIDATE_PRODUCT = YES;
			};
			name = Release;
		};
		8714CEA21DD97885009426FA /* Debug */ = {
			isa = XCBuildConfiguration;
			buildSettings = {
				ASSETCATALOG_COMPILER_APPICON_NAME = AppIcon;
				CLANG_ENABLE_MODULES = YES;
				"CODE_SIGN_IDENTITY[sdk=iphoneos*]" = "iPhone Developer";
				DEVELOPMENT_TEAM = E2L575L59J;
				INFOPLIST_FILE = Database/Info.plist;
				IPHONEOS_DEPLOYMENT_TARGET = 10.0;
				LD_RUNPATH_SEARCH_PATHS = "$(inherited) @executable_path/Frameworks";
				PRODUCT_BUNDLE_IDENTIFIER = edu.me.Database;
				PRODUCT_NAME = "$(TARGET_NAME)";
				SWIFT_OBJC_BRIDGING_HEADER = "Database/Database-Bridging-Header.h";
				SWIFT_OPTIMIZATION_LEVEL = "-Onone";
				SWIFT_VERSION = 3.0;
			};
			name = Debug;
		};
		8714CEA31DD97885009426FA /* Release */ = {
			isa = XCBuildConfiguration;
			buildSettings = {
				ASSETCATALOG_COMPILER_APPICON_NAME = AppIcon;
				CLANG_ENABLE_MODULES = YES;
				"CODE_SIGN_IDENTITY[sdk=iphoneos*]" = "iPhone Developer";
				DEVELOPMENT_TEAM = E2L575L59J;
				INFOPLIST_FILE = Database/Info.plist;
				IPHONEOS_DEPLOYMENT_TARGET = 10.0;
				LD_RUNPATH_SEARCH_PATHS = "$(inherited) @executable_path/Frameworks";
				PRODUCT_BUNDLE_IDENTIFIER = edu.me.Database;
				PRODUCT_NAME = "$(TARGET_NAME)";
				SWIFT_OBJC_BRIDGING_HEADER = "Database/Database-Bridging-Header.h";
				SWIFT_VERSION = 3.0;
			};
			name = Release;
		};
/* End XCBuildConfiguration section */

/* Begin XCConfigurationList section */
		8714CE8A1DD97885009426FA /* Build configuration list for PBXProject "Database" */ = {
			isa = XCConfigurationList;
			buildConfigurations = (
				8714CE9F1DD97885009426FA /* Debug */,
				8714CEA01DD97885009426FA /* Release */,
			);
			defaultConfigurationIsVisible = 0;
			defaultConfigurationName = Release;
		};
		8714CEA11DD97885009426FA /* Build configuration list for PBXNativeTarget "Database" */ = {
			isa = XCConfigurationList;
			buildConfigurations = (
				8714CEA21DD97885009426FA /* Debug */,
				8714CEA31DD97885009426FA /* Release */,
			);
			defaultConfigurationIsVisible = 0;
		};
/* End XCConfigurationList section */
	};
	rootObject = 8714CE871DD97885009426FA /* Project object */;
}
